
Microsoft Visual Studio Solution File, Format Version 12.00
# Visual Studio Version 17
VisualStudioVersion = 17.0.31903.59
MinimumVisualStudioVersion = 10.0.40219.1
Project("{2150E333-8FDC-42A3-9474-1A3956D46DE8}") = "src", "src", "{D0B053B3-83CF-4C26-AD83-F71E0820B2FF}"
EndProject
Project("{FAE04EC0-301F-11D3-BF4B-00C04F79EFBC}") = "Api", "src\Api\Api.csproj", "{AA55B578-5B43-4828-85C5-984263FEAE79}"
EndProject
Project("{FAE04EC0-301F-11D3-BF4B-00C04F79EFBC}") = "Application", "src\Application\Application.csproj", "{2605EEE5-03CC-4033-952C-02D9E65A1056}"
EndProject
Project("{FAE04EC0-301F-11D3-BF4B-00C04F79EFBC}") = "Contracts", "src\Contracts\Contracts.csproj", "{BFE355A1-AD1F-4190-91D6-4D72A0E1714B}"
EndProject
Project("{FAE04EC0-301F-11D3-BF4B-00C04F79EFBC}") = "Domain", "src\Domain\Domain.csproj", "{38F3DBE2-0591-48F2-BF43-C84D7EB30DCC}"
EndProject
Project("{FAE04EC0-301F-11D3-BF4B-00C04F79EFBC}") = "Infrastructure", "src\Infrastructure\Infrastructure.csproj", "{4E0D63DE-FAB4-4507-9C9B-D9034CDF2AB7}"
EndProject
Global
	GlobalSection(SolutionConfigurationPlatforms) = preSolution
		Debug|Any CPU = Debug|Any CPU
		Release|Any CPU = Release|Any CPU
	EndGlobalSection
	GlobalSection(SolutionProperties) = preSolution
		HideSolutionNode = FALSE
	EndGlobalSection
	GlobalSection(ProjectConfigurationPlatforms) = postSolution
		{AA55B578-5B43-4828-85C5-984263FEAE79}.Debug|Any CPU.ActiveCfg = Debug|Any CPU
		{AA55B578-5B43-4828-85C5-984263FEAE79}.Debug|Any CPU.Build.0 = Debug|Any CPU
		{AA55B578-5B43-4828-85C5-984263FEAE79}.Release|Any CPU.ActiveCfg = Release|Any CPU
		{AA55B578-5B43-4828-85C5-984263FEAE79}.Release|Any CPU.Build.0 = Release|Any CPU
		{2605EEE5-03CC-4033-952C-02D9E65A1056}.Debug|Any CPU.ActiveCfg = Debug|Any CPU
		{2605EEE5-03CC-4033-952C-02D9E65A1056}.Debug|Any CPU.Build.0 = Debug|Any CPU
		{2605EEE5-03CC-4033-952C-02D9E65A1056}.Release|Any CPU.ActiveCfg = Release|Any CPU
		{2605EEE5-03CC-4033-952C-02D9E65A1056}.Release|Any CPU.Build.0 = Release|Any CPU
		{BFE355A1-AD1F-4190-91D6-4D72A0E1714B}.Debug|Any CPU.ActiveCfg = Debug|Any CPU
		{BFE355A1-AD1F-4190-91D6-4D72A0E1714B}.Debug|Any CPU.Build.0 = Debug|Any CPU
		{BFE355A1-AD1F-4190-91D6-4D72A0E1714B}.Release|Any CPU.ActiveCfg = Release|Any CPU
		{BFE355A1-AD1F-4190-91D6-4D72A0E1714B}.Release|Any CPU.Build.0 = Release|Any CPU
		{38F3DBE2-0591-48F2-BF43-C84D7EB30DCC}.Debug|Any CPU.ActiveCfg = Debug|Any CPU
		{38F3DBE2-0591-48F2-BF43-C84D7EB30DCC}.Debug|Any CPU.Build.0 = Debug|Any CPU
		{38F3DBE2-0591-48F2-BF43-C84D7EB30DCC}.Release|Any CPU.ActiveCfg = Release|Any CPU
		{38F3DBE2-0591-48F2-BF43-C84D7EB30DCC}.Release|Any CPU.Build.0 = Release|Any CPU
		{4E0D63DE-FAB4-4507-9C9B-D9034CDF2AB7}.Debug|Any CPU.ActiveCfg = Debug|Any CPU
		{4E0D63DE-FAB4-4507-9C9B-D9034CDF2AB7}.Debug|Any CPU.Build.0 = Debug|Any CPU
		{4E0D63DE-FAB4-4507-9C9B-D9034CDF2AB7}.Release|Any CPU.ActiveCfg = Release|Any CPU
		{4E0D63DE-FAB4-4507-9C9B-D9034CDF2AB7}.Release|Any CPU.Build.0 = Release|Any CPU
	EndGlobalSection
	GlobalSection(NestedProjects) = preSolution
		{AA55B578-5B43-4828-85C5-984263FEAE79} = {D0B053B3-83CF-4C26-AD83-F71E0820B2FF}
		{2605EEE5-03CC-4033-952C-02D9E65A1056} = {D0B053B3-83CF-4C26-AD83-F71E0820B2FF}
		{BFE355A1-AD1F-4190-91D6-4D72A0E1714B} = {D0B053B3-83CF-4C26-AD83-F71E0820B2FF}
		{38F3DBE2-0591-48F2-BF43-C84D7EB30DCC} = {D0B053B3-83CF-4C26-AD83-F71E0820B2FF}
		{4E0D63DE-FAB4-4507-9C9B-D9034CDF2AB7} = {D0B053B3-83CF-4C26-AD83-F71E0820B2FF}
	EndGlobalSection
EndGlobal
